Microsoft Visual Studio Solution File, Format Version 12.00
# Visual Studio Version 16
VisualStudioVersion = 16.0.0.0
MinimumVisualStudioVersion = 16.0.0.0
Project("{9A19103F-16F7-4668-BE54-9A1E7A4F7556}") = "BlazorAuth", "BlazorAuth\BlazorAuth.csproj", "{EBFE3521-8D3F-4DE7-A39B-8B87A1A50E51}"
EndProject
Project("{9A19103F-16F7-4668-BE54-9A1E7A4F7556}") = "BlazorAuth.Client", "BlazorAuth.Client\BlazorAuth.Client.csproj", "{ED8DCF91-1375-47AA-923A-D22F8DA8114A}"
EndProject
Global
	GlobalSection(SolutionConfigurationPlatforms) = preSolution
		Debug|Any CPU = Debug|Any CPU
		Debug|x64 = Debug|x64
		Debug|x86 = Debug|x86
		Release|Any CPU = Release|Any CPU
		Release|x64 = Release|x64
		Release|x86 = Release|x86
	EndGlobalSection
	GlobalSection(ProjectConfigurationPlatforms) = postSolution
		{ED8DCF91-1375-47AA-923A-D22F8DA8114A}.Debug|Any CPU.ActiveCfg = Debug|Any CPU
		{ED8DCF91-1375-47AA-923A-D22F8DA8114A}.Debug|Any CPU.Build.0 = Debug|Any CPU
		{ED8DCF91-1375-47AA-923A-D22F8DA8114A}.Debug|x64.ActiveCfg = Debug|Any CPU
		{ED8DCF91-1375-47AA-923A-D22F8DA8114A}.Debug|x64.Build.0 = Debug|Any CPU
		{ED8DCF91-1375-47AA-923A-D22F8DA8114A}.Debug|x86.ActiveCfg = Debug|Any CPU
		{ED8DCF91-1375-47AA-923A-D22F8DA8114A}.Debug|x86.Build.0 = Debug|Any CPU
		{ED8DCF91-1375-47AA-923A-D22F8DA8114A}.Release|Any CPU.ActiveCfg = Release|Any CPU
		{ED8DCF91-1375-47AA-923A-D22F8DA8114A}.Release|Any CPU.Build.0 = Release|Any CPU
		{ED8DCF91-1375-47AA-923A-D22F8DA8114A}.Release|x64.ActiveCfg = Release|Any CPU
		{ED8DCF91-1375-47AA-923A-D22F8DA8114A}.Release|x64.Build.0 = Release|Any CPU
		{ED8DCF91-1375-47AA-923A-D22F8DA8114A}.Release|x86.ActiveCfg = Release|Any CPU
		{ED8DCF91-1375-47AA-923A-D22F8DA8114A}.Release|x86.Build.0 = Release|Any CPU
		{EBFE3521-8D3F-4DE7-A39B-8B87A1A50E51}.Debug|Any CPU.ActiveCfg = Debug|Any CPU
		{EBFE3521-8D3F-4DE7-A39B-8B87A1A50E51}.Debug|Any CPU.Build.0 = Debug|Any CPU
		{EBFE3521-8D3F-4DE7-A39B-8B87A1A50E51}.Debug|x64.ActiveCfg = Debug|Any CPU
		{EBFE3521-8D3F-4DE7-A39B-8B87A1A50E51}.Debug|x64.Build.0 = Debug|Any CPU
		{EBFE3521-8D3F-4DE7-A39B-8B87A1A50E51}.Debug|x86.ActiveCfg = Debug|Any CPU
		{EBFE3521-8D3F-4DE7-A39B-8B87A1A50E51}.Debug|x86.Build.0 = Debug|Any CPU
		{EBFE3521-8D3F-4DE7-A39B-8B87A1A50E51}.Release|Any CPU.ActiveCfg = Release|Any CPU
		{EBFE3521-8D3F-4DE7-A39B-8B87A1A50E51}.Release|Any CPU.Build.0 = Release|Any CPU
		{EBFE3521-8D3F-4DE7-A39B-8B87A1A50E51}.Release|x64.ActiveCfg = Release|Any CPU
		{EBFE3521-8D3F-4DE7-A39B-8B87A1A50E51}.Release|x64.Build.0 = Release|Any CPU
		{EBFE3521-8D3F-4DE7-A39B-8B87A1A50E51}.Release|x86.ActiveCfg = Release|Any CPU
		{EBFE3521-8D3F-4DE7-A39B-8B87A1A50E51}.Release|x86.Build.0 = Release|Any CPU
	EndGlobalSection
	GlobalSection(SolutionProperties) = preSolution
		HideSolutionNode = FALSE
	EndGlobalSection
	GlobalSection(ExtensibilityGlobals) = postSolution
		SolutionGuid = {0F2D3E58-006D-48FA-B4F3-0D2213403CD8}
	EndGlobalSection
EndGlobal
